
Microsoft Visual Studio Solution File, Format Version 12.00
# Visual Studio 2013
VisualStudioVersion = 12.0.40629.0
MinimumVisualStudioVersion = 10.0.40219.1
Project("{FAE04EC0-301F-11D3-BF4B-00C04F79EFBC}") = "Demo1", "domo1\Demo1.csproj", "{10464446-726C-4176-B291-B471E2F4DCF1}"
EndProject
Project("{FAE04EC0-301F-11D3-BF4B-00C04F79EFBC}") = "Test", "Test\Test.csproj", "{CFF04A0B-2C01-476C-BDAE-07FAF0AD404C}"
EndProject
Project("{FAE04EC0-301F-11D3-BF4B-00C04F79EFBC}") = "链表使用方法", "链表使用方法\链表使用方法.csproj", "{619720C1-6D1B-456C-AC19-9E6DD9112027}"
EndProject
Project("{FAE04EC0-301F-11D3-BF4B-00C04F79EFBC}") = "Xml文件练习", "Hml文件练习\Xml文件练习.csproj", "{471E41E4-5FB6-4455-B685-09FDADCE8E0C}"
EndProject
Project("{FAE04EC0-301F-11D3-BF4B-00C04F79EFBC}") = "DoAccess", "DoAccess\DoAccess.csproj", "{8AB322CE-E26E-49DE-AF19-97F58A594B1C}"
EndProject
Global
	GlobalSection(SolutionConfigurationPlatforms) = preSolution
		Debug|Any CPU = Debug|Any CPU
		Release|Any CPU = Release|Any CPU
	EndGlobalSection
	GlobalSection(ProjectConfigurationPlatforms) = postSolution
		{10464446-726C-4176-B291-B471E2F4DCF1}.Debug|Any CPU.ActiveCfg = Debug|Any CPU
		{10464446-726C-4176-B291-B471E2F4DCF1}.Debug|Any CPU.Build.0 = Debug|Any CPU
		{10464446-726C-4176-B291-B471E2F4DCF1}.Release|Any CPU.ActiveCfg = Release|Any CPU
		{10464446-726C-4176-B291-B471E2F4DCF1}.Release|Any CPU.Build.0 = Release|Any CPU
		{CFF04A0B-2C01-476C-BDAE-07FAF0AD404C}.Debug|Any CPU.ActiveCfg = Debug|Any CPU
		{CFF04A0B-2C01-476C-BDAE-07FAF0AD404C}.Debug|Any CPU.Build.0 = Debug|Any CPU
		{CFF04A0B-2C01-476C-BDAE-07FAF0AD404C}.Release|Any CPU.ActiveCfg = Release|Any CPU
		{CFF04A0B-2C01-476C-BDAE-07FAF0AD404C}.Release|Any CPU.Build.0 = Release|Any CPU
		{619720C1-6D1B-456C-AC19-9E6DD9112027}.Debug|Any CPU.ActiveCfg = Debug|Any CPU
		{619720C1-6D1B-456C-AC19-9E6DD9112027}.Debug|Any CPU.Build.0 = Debug|Any CPU
		{619720C1-6D1B-456C-AC19-9E6DD9112027}.Release|Any CPU.ActiveCfg = Release|Any CPU
		{619720C1-6D1B-456C-AC19-9E6DD9112027}.Release|Any CPU.Build.0 = Release|Any CPU
		{471E41E4-5FB6-4455-B685-09FDADCE8E0C}.Debug|Any CPU.ActiveCfg = Debug|Any CPU
		{471E41E4-5FB6-4455-B685-09FDADCE8E0C}.Debug|Any CPU.Build.0 = Debug|Any CPU
		{471E41E4-5FB6-4455-B685-09FDADCE8E0C}.Release|Any CPU.ActiveCfg = Release|Any CPU
		{471E41E4-5FB6-4455-B685-09FDADCE8E0C}.Release|Any CPU.Build.0 = Release|Any CPU
		{8AB322CE-E26E-49DE-AF19-97F58A594B1C}.Debug|Any CPU.ActiveCfg = Debug|Any CPU
		{8AB322CE-E26E-49DE-AF19-97F58A594B1C}.Debug|Any CPU.Build.0 = Debug|Any CPU
		{8AB322CE-E26E-49DE-AF19-97F58A594B1C}.Release|Any CPU.ActiveCfg = Release|Any CPU
		{8AB322CE-E26E-49DE-AF19-97F58A594B1C}.Release|Any CPU.Build.0 = Release|Any CPU
	EndGlobalSection
	GlobalSection(SolutionProperties) = preSolution
		HideSolutionNode = FALSE
	EndGlobalSection
EndGlobal
